
Microsoft Visual Studio Solution File, Format Version 12.00
# Visual Studio Version 17
VisualStudioVersion = 17.2.32505.173
MinimumVisualStudioVersion = 10.0.40219.1
Project("{9A19103F-16F7-4668-BE54-9A1E7A4F7556}") = "ShopPortal", "OnlineShop\ShopPortal.csproj", "{920EA619-171D-4561-8DCE-ABEA3385CDFF}"
EndProject
Project("{9A19103F-16F7-4668-BE54-9A1E7A4F7556}") = "ViewModels", "ViewModels\ViewModels.csproj", "{A121E9AA-07AF-4FA1-9A07-0997D9E3768A}"
EndProject
Project("{9A19103F-16F7-4668-BE54-9A1E7A4F7556}") = "Data", "Data\Data.csproj", "{585D9CC1-5D6C-444A-9CDF-D40909DCFF96}"
EndProject
Project("{9A19103F-16F7-4668-BE54-9A1E7A4F7556}") = "ShopCore", "ShopCore\ShopCore.csproj", "{F3309225-9EB0-4491-B479-92BE1A68272E}"
EndProject
Project("{2150E333-8FDC-42A3-9474-1A3956D46DE8}") = "Tests", "Tests", "{3FFA33E5-D1D7-49A0-ACA3-3D7638D3CDD6}"
EndProject
Project("{FAE04EC0-301F-11D3-BF4B-00C04F79EFBC}") = "ShopCoreTests", "ShopCoreTests\ShopCoreTests.csproj", "{4A964960-1983-4890-88D6-E0852E482E09}"
EndProject
Global
	GlobalSection(SolutionConfigurationPlatforms) = preSolution
		Debug|Any CPU = Debug|Any CPU
		Debug|x64 = Debug|x64
		Release|Any CPU = Release|Any CPU
		Release|x64 = Release|x64
	EndGlobalSection
	GlobalSection(ProjectConfigurationPlatforms) = postSolution
		{920EA619-171D-4561-8DCE-ABEA3385CDFF}.Debug|Any CPU.ActiveCfg = Debug|Any CPU
		{920EA619-171D-4561-8DCE-ABEA3385CDFF}.Debug|Any CPU.Build.0 = Debug|Any CPU
		{920EA619-171D-4561-8DCE-ABEA3385CDFF}.Debug|x64.ActiveCfg = Debug|x64
		{920EA619-171D-4561-8DCE-ABEA3385CDFF}.Debug|x64.Build.0 = Debug|x64
		{920EA619-171D-4561-8DCE-ABEA3385CDFF}.Release|Any CPU.ActiveCfg = Release|Any CPU
		{920EA619-171D-4561-8DCE-ABEA3385CDFF}.Release|Any CPU.Build.0 = Release|Any CPU
		{920EA619-171D-4561-8DCE-ABEA3385CDFF}.Release|x64.ActiveCfg = Release|x64
		{920EA619-171D-4561-8DCE-ABEA3385CDFF}.Release|x64.Build.0 = Release|x64
		{A121E9AA-07AF-4FA1-9A07-0997D9E3768A}.Debug|Any CPU.ActiveCfg = Debug|Any CPU
		{A121E9AA-07AF-4FA1-9A07-0997D9E3768A}.Debug|Any CPU.Build.0 = Debug|Any CPU
		{A121E9AA-07AF-4FA1-9A07-0997D9E3768A}.Debug|x64.ActiveCfg = Debug|x64
		{A121E9AA-07AF-4FA1-9A07-0997D9E3768A}.Debug|x64.Build.0 = Debug|x64
		{A121E9AA-07AF-4FA1-9A07-0997D9E3768A}.Release|Any CPU.ActiveCfg = Release|Any CPU
		{A121E9AA-07AF-4FA1-9A07-0997D9E3768A}.Release|Any CPU.Build.0 = Release|Any CPU
		{A121E9AA-07AF-4FA1-9A07-0997D9E3768A}.Release|x64.ActiveCfg = Release|x64
		{A121E9AA-07AF-4FA1-9A07-0997D9E3768A}.Release|x64.Build.0 = Release|x64
		{585D9CC1-5D6C-444A-9CDF-D40909DCFF96}.Debug|Any CPU.ActiveCfg = Debug|Any CPU
		{585D9CC1-5D6C-444A-9CDF-D40909DCFF96}.Debug|Any CPU.Build.0 = Debug|Any CPU
		{585D9CC1-5D6C-444A-9CDF-D40909DCFF96}.Debug|x64.ActiveCfg = Debug|Any CPU
		{585D9CC1-5D6C-444A-9CDF-D40909DCFF96}.Debug|x64.Build.0 = Debug|Any CPU
		{585D9CC1-5D6C-444A-9CDF-D40909DCFF96}.Release|Any CPU.ActiveCfg = Release|Any CPU
		{585D9CC1-5D6C-444A-9CDF-D40909DCFF96}.Release|Any CPU.Build.0 = Release|Any CPU
		{585D9CC1-5D6C-444A-9CDF-D40909DCFF96}.Release|x64.ActiveCfg = Release|Any CPU
		{585D9CC1-5D6C-444A-9CDF-D40909DCFF96}.Release|x64.Build.0 = Release|Any CPU
		{F3309225-9EB0-4491-B479-92BE1A68272E}.Debug|Any CPU.ActiveCfg = Debug|Any CPU
		{F3309225-9EB0-4491-B479-92BE1A68272E}.Debug|Any CPU.Build.0 = Debug|Any CPU
		{F3309225-9EB0-4491-B479-92BE1A68272E}.Debug|x64.ActiveCfg = Debug|Any CPU
		{F3309225-9EB0-4491-B479-92BE1A68272E}.Debug|x64.Build.0 = Debug|Any CPU
		{F3309225-9EB0-4491-B479-92BE1A68272E}.Release|Any CPU.ActiveCfg = Release|Any CPU
		{F3309225-9EB0-4491-B479-92BE1A68272E}.Release|Any CPU.Build.0 = Release|Any CPU
		{F3309225-9EB0-4491-B479-92BE1A68272E}.Release|x64.ActiveCfg = Release|Any CPU
		{F3309225-9EB0-4491-B479-92BE1A68272E}.Release|x64.Build.0 = Release|Any CPU
		{4A964960-1983-4890-88D6-E0852E482E09}.Debug|Any CPU.ActiveCfg = Debug|Any CPU
		{4A964960-1983-4890-88D6-E0852E482E09}.Debug|Any CPU.Build.0 = Debug|Any CPU
		{4A964960-1983-4890-88D6-E0852E482E09}.Debug|x64.ActiveCfg = Debug|Any CPU
		{4A964960-1983-4890-88D6-E0852E482E09}.Debug|x64.Build.0 = Debug|Any CPU
		{4A964960-1983-4890-88D6-E0852E482E09}.Release|Any CPU.ActiveCfg = Release|Any CPU
		{4A964960-1983-4890-88D6-E0852E482E09}.Release|Any CPU.Build.0 = Release|Any CPU
		{4A964960-1983-4890-88D6-E0852E482E09}.Release|x64.ActiveCfg = Release|Any CPU
		{4A964960-1983-4890-88D6-E0852E482E09}.Release|x64.Build.0 = Release|Any CPU
	EndGlobalSection
	GlobalSection(SolutionProperties) = preSolution
		HideSolutionNode = FALSE
	EndGlobalSection
	GlobalSection(NestedProjects) = preSolution
		{4A964960-1983-4890-88D6-E0852E482E09} = {3FFA33E5-D1D7-49A0-ACA3-3D7638D3CDD6}
	EndGlobalSection
	GlobalSection(ExtensibilityGlobals) = postSolution
		SolutionGuid = {27B31F03-E995-430E-A8BF-280A6B7AE1B8}
	EndGlobalSection
EndGlobal
